Microsoft Visual Studio Solution File, Format Version 7.00
Project("{8BC9CEB8-8B4A-11D0-8D11-00A0C91BC942}") = "RayTracer", "RayTracer.vcproj", "{4410B069-9861-43D9-9F3F-C6226160E986}"
EndProject
Global
	GlobalSection(SolutionConfiguration) = preSolution
		ConfigName.0 = Debug
		ConfigName.1 = Release
	EndGlobalSection
	GlobalSection(ProjectDependencies) = postSolution
	EndGlobalSection
	GlobalSection(ProjectConfiguration) = postSolution
		{4410B069-9861-43D9-9F3F-C6226160E986}.Debug.ActiveCfg = Debug|Win32
		{4410B069-9861-43D9-9F3F-C6226160E986}.Debug.Build.0 = Debug|Win32
		{4410B069-9861-43D9-9F3F-C6226160E986}.Release.ActiveCfg = Release|Win32
		{4410B069-9861-43D9-9F3F-C6226160E986}.Release.Build.0 = Release|Win32
	EndGlobalSection
	GlobalSection(ExtensibilityGlobals) = postSolution
	EndGlobalSection
	GlobalSection(ExtensibilityAddIns) = postSolution
	EndGlobalSection
EndGlobal
